
Microsoft Visual Studio Solution File, Format Version 12.00
# Visual Studio Version 16
VisualStudioVersion = 16.0.29728.190
MinimumVisualStudioVersion = 10.0.40219.1
Project("{FAE04EC0-301F-11D3-BF4B-00C04F79EFBC}") = "Form_Ekspedisi", "Form_Ekspedisi\Form_Ekspedisi.csproj", "{5A67485F-C298-42DA-933C-6C4A0F345942}"
EndProject
Global
	GlobalSection(SolutionConfigurationPlatforms) = preSolution
		Debug|Any CPU = Debug|Any CPU
		Release|Any CPU = Release|Any CPU
	EndGlobalSection
	GlobalSection(ProjectConfigurationPlatforms) = postSolution
		{5A67485F-C298-42DA-933C-6C4A0F345942}.Debug|Any CPU.ActiveCfg = Debug|Any CPU
		{5A67485F-C298-42DA-933C-6C4A0F345942}.Debug|Any CPU.Build.0 = Debug|Any CPU
		{5A67485F-C298-42DA-933C-6C4A0F345942}.Release|Any CPU.ActiveCfg = Release|Any CPU
		{5A67485F-C298-42DA-933C-6C4A0F345942}.Release|Any CPU.Build.0 = Release|Any CPU
	EndGlobalSection
	GlobalSection(SolutionProperties) = preSolution
		HideSolutionNode = FALSE
	EndGlobalSection
	GlobalSection(ExtensibilityGlobals) = postSolution
		SolutionGuid = {EADABE31-2B84-403C-BDFA-FCE436CACF69}
	EndGlobalSection
EndGlobal
